// !$*UTF8*$!
{
	archiveVersion = 1;
	classes = {
	};
	objectVersion = 46;
	objects = {

/* Begin PBXBuildFile section */
		C84ABBFD20138F37001CC7F0 /* EquipmentSwitchAPICall.swift in Sources */ = {isa = PBXBuildFile; fileRef = C84ABBFC20138F37001CC7F0 /* EquipmentSwitchAPICall.swift */; };
		C856BAC91F362ADF007ABC26 /* AppDelegate.swift in Sources */ = {isa = PBXBuildFile; fileRef = C856BAC81F362ADF007ABC26 /* AppDelegate.swift */; };
		C856BACB1F362ADF007ABC26 /* ControlsViewController.swift in Sources */ = {isa = PBXBuildFile; fileRef = C856BACA1F362ADF007ABC26 /* ControlsViewController.swift */; };
		C856BACE1F362ADF007ABC26 /* Main.storyboard in Resources */ = {isa = PBXBuildFile; fileRef = C856BACC1F362ADF007ABC26 /* Main.storyboard */; };
		C856BAD01F362ADF007ABC26 /* Assets.xcassets in Resources */ = {isa = PBXBuildFile; fileRef = C856BACF1F362ADF007ABC26 /* Assets.xcassets */; };
		C856BAD31F362ADF007ABC26 /* LaunchScreen.storyboard in Resources */ = {isa = PBXBuildFile; fileRef = C856BAD11F362ADF007ABC26 /* LaunchScreen.storyboard */; };
		C885177020040C69003E4698 /* EquipmentsStatusAPICall.swift in Sources */ = {isa = PBXBuildFile; fileRef = C885176F20040C69003E4698 /* EquipmentsStatusAPICall.swift */; };
		C885177220040F84003E4698 /* EquipmentItem.swift in Sources */ = {isa = PBXBuildFile; fileRef = C885177120040F84003E4698 /* EquipmentItem.swift */; };
		C889AF58200A4B2800574FC3 /* Pi_Companion_Tests.swift in Sources */ = {isa = PBXBuildFile; fileRef = C889AF57200A4B2800574FC3 /* Pi_Companion_Tests.swift */; };
		C8A3A24E20148884001C672C /* PowerStateControlSwitch.swift in Sources */ = {isa = PBXBuildFile; fileRef = C8A3A24D20148884001C672C /* PowerStateControlSwitch.swift */; };
		C8C0FE911F36FBD500734924 /* SwitchTableViewCell.swift in Sources */ = {isa = PBXBuildFile; fileRef = C8C0FE901F36FBD500734924 /* SwitchTableViewCell.swift */; };
		C8EA3FCC1FFFFDC1007B6A8E /* APICall.swift in Sources */ = {isa = PBXBuildFile; fileRef = C8EA3FCB1FFFFDC1007B6A8E /* APICall.swift */; };
/* End PBXBuildFile section */

/* Begin PBXContainerItemProxy section */
		C889AF5A200A4B2800574FC3 /* PBXContainerItemProxy */ = {
			isa = PBXContainerItemProxy;
			containerPortal = C856BABD1F362ADE007ABC26 /* Project object */;
			proxyType = 1;
			remoteGlobalIDString = C856BAC41F362ADF007ABC26;
			remoteInfo = "Pi Companion";
		};
/* End PBXContainerItemProxy section */

/* Begin PBXFileReference section */
		C84ABBFC20138F37001CC7F0 /* EquipmentSwitchAPICall.swift */ = {isa = PBXFileReference; lastKnownFileType = sourcecode.swift; path = EquipmentSwitchAPICall.swift; sourceTree = "<group>"; };
		C856BAC51F362ADF007ABC26 /* Pi Companion.app */ = {isa = PBXFileReference; explicitFileType = wrapper.application; includeInIndex = 0; path = "Pi Companion.app"; sourceTree = BUILT_PRODUCTS_DIR; };
		C856BAC81F362ADF007ABC26 /* AppDelegate.swift */ = {isa = PBXFileReference; lastKnownFileType = sourcecode.swift; path = AppDelegate.swift; sourceTree = "<group>"; };
		C856BACA1F362ADF007ABC26 /* ControlsViewController.swift */ = {isa = PBXFileReference; lastKnownFileType = sourcecode.swift; path = ControlsViewController.swift; sourceTree = "<group>"; };
		C856BACD1F362ADF007ABC26 /* Base */ = {isa = PBXFileReference; lastKnownFileType = file.storyboard; name = Base; path = Base.lproj/Main.storyboard; sourceTree = "<group>"; };
		C856BACF1F362ADF007ABC26 /* Assets.xcassets */ = {isa = PBXFileReference; lastKnownFileType = folder.assetcatalog; path = Assets.xcassets; sourceTree = "<group>"; };
		C856BAD21F362ADF007ABC26 /* Base */ = {isa = PBXFileReference; lastKnownFileType = file.storyboard; name = Base; path = Base.lproj/LaunchScreen.storyboard; sourceTree = "<group>"; };
		C856BAD41F362ADF007ABC26 /* Info.plist */ = {isa = PBXFileReference; lastKnownFileType = text.plist.xml; path = Info.plist; sourceTree = "<group>"; };
		C885176F20040C69003E4698 /* EquipmentsStatusAPICall.swift */ = {isa = PBXFileReference; lastKnownFileType = sourcecode.swift; path = EquipmentsStatusAPICall.swift; sourceTree = "<group>"; };
		C885177120040F84003E4698 /* EquipmentItem.swift */ = {isa = PBXFileReference; lastKnownFileType = sourcecode.swift; path = EquipmentItem.swift; sourceTree = "<group>"; };
		C889AF55200A4B2800574FC3 /* Pi Companion Tests.xctest */ = {isa = PBXFileReference; explicitFileType = wrapper.cfbundle; includeInIndex = 0; path = "Pi Companion Tests.xctest"; sourceTree = BUILT_PRODUCTS_DIR; };
		C889AF57200A4B2800574FC3 /* Pi_Companion_Tests.swift */ = {isa = PBXFileReference; lastKnownFileType = sourcecode.swift; path = Pi_Companion_Tests.swift; sourceTree = "<group>"; };
		C889AF59200A4B2800574FC3 /* Info.plist */ = {isa = PBXFileReference; lastKnownFileType = text.plist.xml; path = Info.plist; sourceTree = "<group>"; };
		C8A3A24D20148884001C672C /* PowerStateControlSwitch.swift */ = {isa = PBXFileReference; lastKnownFileType = sourcecode.swift; path = PowerStateControlSwitch.swift; sourceTree = "<group>"; };
		C8C0FE901F36FBD500734924 /* SwitchTableViewCell.swift */ = {isa = PBXFileReference; fileEncoding = 4; lastKnownFileType = sourcecode.swift; path = SwitchTableViewCell.swift; sourceTree = "<group>"; };
		C8EA3FCB1FFFFDC1007B6A8E /* APICall.swift */ = {isa = PBXFileReference; lastKnownFileType = sourcecode.swift; path = APICall.swift; sourceTree = "<group>"; };
/* End PBXFileReference section */

/* Begin PBXFrameworksBuildPhase section */
		C856BAC21F362ADF007ABC26 /* Frameworks */ = {
			isa = PBXFrameworksBuildPhase;
			buildActionMask = 2147483647;
			files = (
			);
			runOnlyForDeploymentPostprocessing = 0;
		};
		C889AF52200A4B2800574FC3 /* Frameworks */ = {
			isa = PBXFrameworksBuildPhase;
			buildActionMask = 2147483647;
			files = (
			);
			runOnlyForDeploymentPostprocessing = 0;
		};
/* End PBXFrameworksBuildPhase section */

/* Begin PBXGroup section */
		C856BABC1F362ADE007ABC26 = {
			isa = PBXGroup;
			children = (
				C856BAC71F362ADF007ABC26 /* Pi Companion */,
				C889AF56200A4B2800574FC3 /* Pi Companion Tests */,
				C856BAC61F362ADF007ABC26 /* Products */,
			);
			sourceTree = "<group>";
		};
		C856BAC61F362ADF007ABC26 /* Products */ = {
			isa = PBXGroup;
			children = (
				C856BAC51F362ADF007ABC26 /* Pi Companion.app */,
				C889AF55200A4B2800574FC3 /* Pi Companion Tests.xctest */,
			);
			name = Products;
			sourceTree = "<group>";
		};
		C856BAC71F362ADF007ABC26 /* Pi Companion */ = {
			isa = PBXGroup;
			children = (
				C856BACA1F362ADF007ABC26 /* ControlsViewController.swift */,
				C8A3A24D20148884001C672C /* PowerStateControlSwitch.swift */,
				C8EA3FCB1FFFFDC1007B6A8E /* APICall.swift */,
				C885176F20040C69003E4698 /* EquipmentsStatusAPICall.swift */,
				C84ABBFC20138F37001CC7F0 /* EquipmentSwitchAPICall.swift */,
				C885177120040F84003E4698 /* EquipmentItem.swift */,
				C8C0FE901F36FBD500734924 /* SwitchTableViewCell.swift */,
				C856BACC1F362ADF007ABC26 /* Main.storyboard */,
				C856BAD11F362ADF007ABC26 /* LaunchScreen.storyboard */,
				C856BACF1F362ADF007ABC26 /* Assets.xcassets */,
				C856BAC81F362ADF007ABC26 /* AppDelegate.swift */,
				C856BAD41F362ADF007ABC26 /* Info.plist */,
			);
			path = "Pi Companion";
			sourceTree = "<group>";
		};
		C889AF56200A4B2800574FC3 /* Pi Companion Tests */ = {
			isa = PBXGroup;
			children = (
				C889AF57200A4B2800574FC3 /* Pi_Companion_Tests.swift */,
				C889AF59200A4B2800574FC3 /* Info.plist */,
			);
			path = "Pi Companion Tests";
			sourceTree = "<group>";
		};
/* End PBXGroup section */

/* Begin PBXNativeTarget section */
		C856BAC41F362ADF007ABC26 /* Pi Companion */ = {
			isa = PBXNativeTarget;
			buildConfigurationList = C856BAD71F362ADF007ABC26 /* Build configuration list for PBXNativeTarget "Pi Companion" */;
			buildPhases = (
				C856BAC11F362ADF007ABC26 /* Sources */,
				C856BAC21F362ADF007ABC26 /* Frameworks */,
				C856BAC31F362ADF007ABC26 /* Resources */,
			);
			buildRules = (
			);
			dependencies = (
			);
			name = "Pi Companion";
			productName = "Pi Companion";
			productReference = C856BAC51F362ADF007ABC26 /* Pi Companion.app */;
			productType = "com.apple.product-type.application";
		};
		C889AF54200A4B2800574FC3 /* Pi Companion Tests */ = {
			isa = PBXNativeTarget;
			buildConfigurationList = C889AF5C200A4B2800574FC3 /* Build configuration list for PBXNativeTarget "Pi Companion Tests" */;
			buildPhases = (
				C889AF51200A4B2800574FC3 /* Sources */,
				C889AF52200A4B2800574FC3 /* Frameworks */,
				C889AF53200A4B2800574FC3 /* Resources */,
			);
			buildRules = (
			);
			dependencies = (
				C889AF5B200A4B2800574FC3 /* PBXTargetDependency */,
			);
			name = "Pi Companion Tests";
			productName = "Pi Companion Tests";
			productReference = C889AF55200A4B2800574FC3 /* Pi Companion Tests.xctest */;
			productType = "com.apple.product-type.bundle.unit-test";
		};
/* End PBXNativeTarget section */

/* Begin PBXProject section */
		C856BABD1F362ADE007ABC26 /* Project object */ = {
			isa = PBXProject;
			attributes = {
				LastSwiftUpdateCheck = 0920;
				LastUpgradeCheck = 0900;
				ORGANIZATIONNAME = "SwG Ghosh";
				TargetAttributes = {
					C856BAC41F362ADF007ABC26 = {
						CreatedOnToolsVersion = 8.3.1;
						DevelopmentTeam = 687NW7TG3Z;
						LastSwiftMigration = 0900;
						ProvisioningStyle = Automatic;
					};
					C889AF54200A4B2800574FC3 = {
						CreatedOnToolsVersion = 9.2;
						DevelopmentTeam = 687NW7TG3Z;
						ProvisioningStyle = Automatic;
						TestTargetID = C856BAC41F362ADF007ABC26;
					};
				};
			};
			buildConfigurationList = C856BAC01F362ADE007ABC26 /* Build configuration list for PBXProject "Pi Companion" */;
			compatibilityVersion = "Xcode 3.2";
			developmentRegion = English;
			hasScannedForEncodings = 0;
			knownRegions = (
				en,
				Base,
			);
			mainGroup = C856BABC1F362ADE007ABC26;
			productRefGroup = C856BAC61F362ADF007ABC26 /* Products */;
			projectDirPath = "";
			projectRoot = "";
			targets = (
				C856BAC41F362ADF007ABC26 /* Pi Companion */,
				C889AF54200A4B2800574FC3 /* Pi Companion Tests */,
			);
		};
/* End PBXProject section */

/* Begin PBXResourcesBuildPhase section */
		C856BAC31F362ADF007ABC26 /* Resources */ = {
			isa = PBXResourcesBuildPhase;
			buildActionMask = 2147483647;
			files = (
				C856BAD31F362ADF007ABC26 /* LaunchScreen.storyboard in Resources */,
				C856BAD01F362ADF007ABC26 /* Assets.xcassets in Resources */,
				C856BACE1F362ADF007ABC26 /* Main.storyboard in Resources */,
			);
			runOnlyForDeploymentPostprocessing = 0;
		};
		C889AF53200A4B2800574FC3 /* Resources */ = {
			isa = PBXResourcesBuildPhase;
			buildActionMask = 2147483647;
			files = (
			);
			runOnlyForDeploymentPostprocessing = 0;
		};
/* End PBXResourcesBuildPhase section */

/* Begin PBXSourcesBuildPhase section */
		C856BAC11F362ADF007ABC26 /* Sources */ = {
			isa = PBXSourcesBuildPhase;
			buildActionMask = 2147483647;
			files = (
				C885177020040C69003E4698 /* EquipmentsStatusAPICall.swift in Sources */,
				C8A3A24E20148884001C672C /* PowerStateControlSwitch.swift in Sources */,
				C885177220040F84003E4698 /* EquipmentItem.swift in Sources */,
				C856BACB1F362ADF007ABC26 /* ControlsViewController.swift in Sources */,
				C856BAC91F362ADF007ABC26 /* AppDelegate.swift in Sources */,
				C8EA3FCC1FFFFDC1007B6A8E /* APICall.swift in Sources */,
				C8C0FE911F36FBD500734924 /* SwitchTableViewCell.swift in Sources */,
				C84ABBFD20138F37001CC7F0 /* EquipmentSwitchAPICall.swift in Sources */,
			);
			runOnlyForDeploymentPostprocessing = 0;
		};
		C889AF51200A4B2800574FC3 /* Sources */ = {
			isa = PBXSourcesBuildPhase;
			buildActionMask = 2147483647;
			files = (
				C889AF58200A4B2800574FC3 /* Pi_Companion_Tests.swift in Sources */,
			);
			runOnlyForDeploymentPostprocessing = 0;
		};
/* End PBXSourcesBuildPhase section */

/* Begin PBXTargetDependency section */
		C889AF5B200A4B2800574FC3 /* PBXTargetDependency */ = {
			isa = PBXTargetDependency;
			target = C856BAC41F362ADF007ABC26 /* Pi Companion */;
			targetProxy = C889AF5A200A4B2800574FC3 /* PBXContainerItemProxy */;
		};
/* End PBXTargetDependency section */

/* Begin PBXVariantGroup section */
		C856BACC1F362ADF007ABC26 /* Main.storyboard */ = {
			isa = PBXVariantGroup;
			children = (
				C856BACD1F362ADF007ABC26 /* Base */,
			);
			name = Main.storyboard;
			sourceTree = "<group>";
		};
		C856BAD11F362ADF007ABC26 /* LaunchScreen.storyboard */ = {
			isa = PBXVariantGroup;
			children = (
				C856BAD21F362ADF007ABC26 /* Base */,
			);
			name = LaunchScreen.storyboard;
			sourceTree = "<group>";
		};
/* End PBXVariantGroup section */

/* Begin XCBuildConfiguration section */
		C856BAD51F362ADF007ABC26 /* Debug */ = {
			isa = XCBuildConfiguration;
			buildSettings = {
				ALWAYS_SEARCH_USER_PATHS = NO;
				CLANG_ANALYZER_NONNULL = YES;
				CLANG_ANALYZER_NUMBER_OBJECT_CONVERSION = YES_AGGRESSIVE;
				CLANG_CXX_LANGUAGE_STANDARD = "gnu++0x";
				CLANG_CXX_LIBRARY = "libc++";
				CLANG_ENABLE_MODULES = YES;
				CLANG_ENABLE_OBJC_ARC = YES;
				CLANG_WARN_BLOCK_CAPTURE_AUTORELEASING = YES;
				CLANG_WARN_BOOL_CONVERSION = YES;
				CLANG_WARN_COMMA = YES;
				CLANG_WARN_CONSTANT_CONVERSION = YES;
				CLANG_WARN_DIRECT_OBJC_ISA_USAGE = YES_ERROR;
				CLANG_WARN_DOCUMENTATION_COMMENTS = YES;
				CLANG_WARN_EMPTY_BODY = YES;
				CLANG_WARN_ENUM_CONVERSION = YES;
				CLANG_WARN_INFINITE_RECURSION = YES;
				CLANG_WARN_INT_CONVERSION = YES;
				CLANG_WARN_NON_LITERAL_NULL_CONVERSION = YES;
				CLANG_WARN_OBJC_LITERAL_CONVERSION = YES;
				CLANG_WARN_OBJC_ROOT_CLASS = YES_ERROR;
				CLANG_WARN_RANGE_LOOP_ANALYSIS = YES;
				CLANG_WARN_STRICT_PROTOTYPES = YES;
				CLANG_WARN_SUSPICIOUS_MOVE = YES;
				CLANG_WARN_UNREACHABLE_CODE = YES;
				CLANG_WARN__DUPLICATE_METHOD_MATCH = YES;
				"CODE_SIGN_IDENTITY[sdk=iphoneos*]" = "iPhone Developer";
				COPY_PHASE_STRIP = NO;
				DEBUG_INFORMATION_FORMAT = dwarf;
				ENABLE_STRICT_OBJC_MSGSEND = YES;
				ENABLE_TESTABILITY = YES;
				GCC_C_LANGUAGE_STANDARD = gnu99;
				GCC_DYNAMIC_NO_PIC = NO;
				GCC_NO_COMMON_BLOCKS = YES;
				GCC_OPTIMIZATION_LEVEL = 0;
				GCC_PREPROCESSOR_DEFINITIONS = (
					"DEBUG=1",
					"$(inherited)",
				);
				GCC_WARN_64_TO_32_BIT_CONVERSION = YES;
				GCC_WARN_ABOUT_RETURN_TYPE = YES_ERROR;
				GCC_WARN_UNDECLARED_SELECTOR = YES;
				GCC_WARN_UNINITIALIZED_AUTOS = YES_AGGRESSIVE;
				GCC_WARN_UNUSED_FUNCTION = YES;
				GCC_WARN_UNUSED_VARIABLE = YES;
				IPHONEOS_DEPLOYMENT_TARGET = 10.3;
				MTL_ENABLE_DEBUG_INFO = YES;
				ONLY_ACTIVE_ARCH = YES;
				SDKROOT = iphoneos;
				SWIFT_ACTIVE_COMPILATION_CONDITIONS = DEBUG;
				SWIFT_OPTIMIZATION_LEVEL = "-Onone";
				SWIFT_SWIFT3_OBJC_INFERENCE = Default;
				TARGETED_DEVICE_FAMILY = "1,2";
			};
			name = Debug;
		};
		C856BAD61F362ADF007ABC26 /* Release */ = {
			isa = XCBuildConfiguration;
			buildSettings = {
				ALWAYS_SEARCH_USER_PATHS = NO;
				CLANG_ANALYZER_NONNULL = YES;
				CLANG_ANALYZER_NUMBER_OBJECT_CONVERSION = YES_AGGRESSIVE;
				CLANG_CXX_LANGUAGE_STANDARD = "gnu++0x";
				CLANG_CXX_LIBRARY = "libc++";
				CLANG_ENABLE_MODULES = YES;
				CLANG_ENABLE_OBJC_ARC = YES;
				CLANG_WARN_BLOCK_CAPTURE_AUTORELEASING = YES;
				CLANG_WARN_BOOL_CONVERSION = YES;
				CLANG_WARN_COMMA = YES;
				CLANG_WARN_CONSTANT_CONVERSION = YES;
				CLANG_WARN_DIRECT_OBJC_ISA_USAGE = YES_ERROR;
				CLANG_WARN_DOCUMENTATION_COMMENTS = YES;
				CLANG_WARN_EMPTY_BODY = YES;
				CLANG_WARN_ENUM_CONVERSION = YES;
				CLANG_WARN_INFINITE_RECURSION = YES;
				CLANG_WARN_INT_CONVERSION = YES;
				CLANG_WARN_NON_LITERAL_NULL_CONVERSION = YES;
				CLANG_WARN_OBJC_LITERAL_CONVERSION = YES;
				CLANG_WARN_OBJC_ROOT_CLASS = YES_ERROR;
				CLANG_WARN_RANGE_LOOP_ANALYSIS = YES;
				CLANG_WARN_STRICT_PROTOTYPES = YES;
				CLANG_WARN_SUSPICIOUS_MOVE = YES;
				CLANG_WARN_UNREACHABLE_CODE = YES;
				CLANG_WARN__DUPLICATE_METHOD_MATCH = YES;
				"CODE_SIGN_IDENTITY[sdk=iphoneos*]" = "iPhone Developer";
				COPY_PHASE_STRIP = NO;
				DEBUG_INFORMATION_FORMAT = "dwarf-with-dsym";
				ENABLE_NS_ASSERTIONS = NO;
				ENABLE_STRICT_OBJC_MSGSEND = YES;
				GCC_C_LANGUAGE_STANDARD = gnu99;
				GCC_NO_COMMON_BLOCKS = YES;
				GCC_WARN_64_TO_32_BIT_CONVERSION = YES;
				GCC_WARN_ABOUT_RETURN_TYPE = YES_ERROR;
				GCC_WARN_UNDECLARED_SELECTOR = YES;
				GCC_WARN_UNINITIALIZED_AUTOS = YES_AGGRESSIVE;
				GCC_WARN_UNUSED_FUNCTION = YES;
				GCC_WARN_UNUSED_VARIABLE = YES;
				IPHONEOS_DEPLOYMENT_TARGET = 10.3;
				MTL_ENABLE_DEBUG_INFO = NO;
				SDKROOT = iphoneos;
				SWIFT_OPTIMIZATION_LEVEL = "-Owholemodule";
				SWIFT_SWIFT3_OBJC_INFERENCE = Default;
				TARGETED_DEVICE_FAMILY = "1,2";
				VALIDATE_PRODUCT = YES;
			};
			name = Release;
		};
		C856BAD81F362ADF007ABC26 /* Debug */ = {
			isa = XCBuildConfiguration;
			buildSettings = {
				ASSETCATALOG_COMPILER_APPICON_NAME = AppIcon;
				DEVELOPMENT_TEAM = 687NW7TG3Z;
				INFOPLIST_FILE = "Pi Companion/Info.plist";
				LD_RUNPATH_SEARCH_PATHS = "$(inherited) @executable_path/Frameworks";
				PRODUCT_BUNDLE_IDENTIFIER = "cf.codecrafts.Pi-Companion";
				PRODUCT_NAME = "$(TARGET_NAME)";
				SWIFT_SWIFT3_OBJC_INFERENCE = Default;
				SWIFT_VERSION = 4.0;
			};
			name = Debug;
		};
		C856BAD91F362ADF007ABC26 /* Release */ = {
			isa = XCBuildConfiguration;
			buildSettings = {
				ASSETCATALOG_COMPILER_APPICON_NAME = AppIcon;
				DEVELOPMENT_TEAM = 687NW7TG3Z;
				INFOPLIST_FILE = "Pi Companion/Info.plist";
				LD_RUNPATH_SEARCH_PATHS = "$(inherited) @executable_path/Frameworks";
				PRODUCT_BUNDLE_IDENTIFIER = "cf.codecrafts.Pi-Companion";
				PRODUCT_NAME = "$(TARGET_NAME)";
				SWIFT_SWIFT3_OBJC_INFERENCE = Default;
				SWIFT_VERSION = 4.0;
			};
			name = Release;
		};
		C889AF5D200A4B2800574FC3 /* Debug */ = {
			isa = XCBuildConfiguration;
			buildSettings = {
				BUNDLE_LOADER = "$(TEST_HOST)";
				CLANG_CXX_LANGUAGE_STANDARD = "gnu++14";
				CLANG_WARN_UNGUARDED_AVAILABILITY = YES_AGGRESSIVE;
				CODE_SIGN_IDENTITY = "iPhone Developer";
				CODE_SIGN_STYLE = Automatic;
				DEVELOPMENT_TEAM = 687NW7TG3Z;
				GCC_C_LANGUAGE_STANDARD = gnu11;
				INFOPLIST_FILE = "Pi Companion Tests/Info.plist";
				IPHONEOS_DEPLOYMENT_TARGET = 11.2;
				LD_RUNPATH_SEARCH_PATHS = "$(inherited) @executable_path/Frameworks @loader_path/Frameworks";
				PRODUCT_BUNDLE_IDENTIFIER = "cf.codecrafts.Pi-Companion-Tests";
				PRODUCT_NAME = "$(TARGET_NAME)";
				SWIFT_VERSION = 4.0;
				TARGETED_DEVICE_FAMILY = "1,2";
				TEST_HOST = "$(BUILT_PRODUCTS_DIR)/Pi Companion.app/Pi Companion";
			};
			name = Debug;
		};
		C889AF5E200A4B2800574FC3 /* Release */ = {
			isa = XCBuildConfiguration;
			buildSettings = {
				BUNDLE_LOADER = "$(TEST_HOST)";
				CLANG_CXX_LANGUAGE_STANDARD = "gnu++14";
				CLANG_WARN_UNGUARDED_AVAILABILITY = YES_AGGRESSIVE;
				CODE_SIGN_IDENTITY = "iPhone Developer";
				CODE_SIGN_STYLE = Automatic;
				DEVELOPMENT_TEAM = 687NW7TG3Z;
				GCC_C_LANGUAGE_STANDARD = gnu11;
				INFOPLIST_FILE = "Pi Companion Tests/Info.plist";
				IPHONEOS_DEPLOYMENT_TARGET = 11.2;
				LD_RUNPATH_SEARCH_PATHS = "$(inherited) @executable_path/Frameworks @loader_path/Frameworks";
				PRODUCT_BUNDLE_IDENTIFIER = "cf.codecrafts.Pi-Companion-Tests";
				PRODUCT_NAME = "$(TARGET_NAME)";
				SWIFT_VERSION = 4.0;
				TARGETED_DEVICE_FAMILY = "1,2";
				TEST_HOST = "$(BUILT_PRODUCTS_DIR)/Pi Companion.app/Pi Companion";
			};
			name = Release;
		};
/* End XCBuildConfiguration section */

/* Begin XCConfigurationList section */
		C856BAC01F362ADE007ABC26 /* Build configuration list for PBXProject "Pi Companion" */ = {
			isa = XCConfigurationList;
			buildConfigurations = (
				C856BAD51F362ADF007ABC26 /* Debug */,
				C856BAD61F362ADF007ABC26 /* Release */,
			);
			defaultConfigurationIsVisible = 0;
			defaultConfigurationName = Release;
		};
		C856BAD71F362ADF007ABC26 /* Build configuration list for PBXNativeTarget "Pi Companion" */ = {
			isa = XCConfigurationList;
			buildConfigurations = (
				C856BAD81F362ADF007ABC26 /* Debug */,
				C856BAD91F362ADF007ABC26 /* Release */,
			);
			defaultConfigurationIsVisible = 0;
			defaultConfigurationName = Release;
		};
		C889AF5C200A4B2800574FC3 /* Build configuration list for PBXNativeTarget "Pi Companion Tests" */ = {
			isa = XCConfigurationList;
			buildConfigurations = (
				C889AF5D200A4B2800574FC3 /* Debug */,
				C889AF5E200A4B2800574FC3 /* Release */,
			);
			defaultConfigurationIsVisible = 0;
			defaultConfigurationName = Release;
		};
/* End XCConfigurationList section */
	};
	rootObject = C856BABD1F362ADE007ABC26 /* Project object */;
}
